
Microsoft Visual Studio Solution File, Format Version 12.00
# Visual Studio 15
VisualStudioVersion = 15.0.28307.421
MinimumVisualStudioVersion = 10.0.40219.1
Project("{FAE04EC0-301F-11D3-BF4B-00C04F79EFBC}") = "Avanade.Accademy.Santo.Batches", "Avanade.Accademy.Santo.Batches\Avanade.Accademy.Santo.Batches.csproj", "{6985A444-A340-4073-A32D-54C7600C6E13}"
EndProject
Global
	GlobalSection(SolutionConfigurationPlatforms) = preSolution
		Debug|Any CPU = Debug|Any CPU
		Release|Any CPU = Release|Any CPU
	EndGlobalSection
	GlobalSection(ProjectConfigurationPlatforms) = postSolution
		{6985A444-A340-4073-A32D-54C7600C6E13}.Debug|Any CPU.ActiveCfg = Debug|Any CPU
		{6985A444-A340-4073-A32D-54C7600C6E13}.Debug|Any CPU.Build.0 = Debug|Any CPU
		{6985A444-A340-4073-A32D-54C7600C6E13}.Release|Any CPU.ActiveCfg = Release|Any CPU
		{6985A444-A340-4073-A32D-54C7600C6E13}.Release|Any CPU.Build.0 = Release|Any CPU
	EndGlobalSection
	GlobalSection(SolutionProperties) = preSolution
		HideSolutionNode = FALSE
	EndGlobalSection
	GlobalSection(ExtensibilityGlobals) = postSolution
		SolutionGuid = {6EE75C61-BCFC-4891-B542-1B5E60892014}
	EndGlobalSection
EndGlobal
