
Microsoft Visual Studio Solution File, Format Version 12.00
# Visual Studio 15
VisualStudioVersion = 15.0.28307.539
MinimumVisualStudioVersion = 10.0.40219.1
Project("{FAE04EC0-301F-11D3-BF4B-00C04F79EFBC}") = "Billa Console", "src\Billa Console\Billa Console.csproj", "{802F6C49-6CF7-4D83-8AA7-11CECD873260}"
EndProject
Global
	GlobalSection(SolutionConfigurationPlatforms) = preSolution
		Debug|Any CPU = Debug|Any CPU
		Release|Any CPU = Release|Any CPU
	EndGlobalSection
	GlobalSection(ProjectConfigurationPlatforms) = postSolution
		{802F6C49-6CF7-4D83-8AA7-11CECD873260}.Debug|Any CPU.ActiveCfg = Debug|Any CPU
		{802F6C49-6CF7-4D83-8AA7-11CECD873260}.Debug|Any CPU.Build.0 = Debug|Any CPU
		{802F6C49-6CF7-4D83-8AA7-11CECD873260}.Release|Any CPU.ActiveCfg = Release|Any CPU
		{802F6C49-6CF7-4D83-8AA7-11CECD873260}.Release|Any CPU.Build.0 = Release|Any CPU
	EndGlobalSection
	GlobalSection(SolutionConfigurationPlatforms) = preSolution
		Debug|Any CPU = Debug|Any CPU
		Release|Any CPU = Release|Any CPU
	EndGlobalSection
	GlobalSection(ProjectConfigurationPlatforms) = postSolution
		{612F5184-4BF4-4285-B28D-20C998A3B921}.Debug|Any CPU.ActiveCfg = Debug|Any CPU
		{612F5184-4BF4-4285-B28D-20C998A3B921}.Debug|Any CPU.Build.0 = Debug|Any CPU
		{612F5184-4BF4-4285-B28D-20C998A3B921}.Release|Any CPU.ActiveCfg = Release|Any CPU
		{612F5184-4BF4-4285-B28D-20C998A3B921}.Release|Any CPU.Build.0 = Release|Any CPU
	EndGlobalSection
	GlobalSection(SolutionProperties) = preSolution
		HideSolutionNode = FALSE
	EndGlobalSection
	GlobalSection(ExtensibilityGlobals) = postSolution
		SolutionGuid = {FE3AD70C-8EF5-4C8A-A701-69CE8C302F13}
	EndGlobalSection
EndGlobal
