
Microsoft Visual Studio Solution File, Format Version 12.00
# Visual Studio 15
VisualStudioVersion = 15.0.28307.421
MinimumVisualStudioVersion = 10.0.40219.1
Project("{FAE04EC0-301F-11D3-BF4B-00C04F79EFBC}") = "ConsoleApp1", "..\ConsoleApp1\ConsoleApp1.csproj", "{B9BCCDBC-692B-4E56-BB75-ECB9D640597C}"
EndProject
Global
	GlobalSection(SolutionConfigurationPlatforms) = preSolution
		Debug|Any CPU = Debug|Any CPU
		Release|Any CPU = Release|Any CPU
	EndGlobalSection
	GlobalSection(ProjectConfigurationPlatforms) = postSolution
		{B9BCCDBC-692B-4E56-BB75-ECB9D640597C}.Debug|Any CPU.ActiveCfg = Debug|Any CPU
		{B9BCCDBC-692B-4E56-BB75-ECB9D640597C}.Debug|Any CPU.Build.0 = Debug|Any CPU
		{B9BCCDBC-692B-4E56-BB75-ECB9D640597C}.Release|Any CPU.ActiveCfg = Release|Any CPU
		{B9BCCDBC-692B-4E56-BB75-ECB9D640597C}.Release|Any CPU.Build.0 = Release|Any CPU
	EndGlobalSection
	GlobalSection(SolutionProperties) = preSolution
		HideSolutionNode = FALSE
	EndGlobalSection
	GlobalSection(ExtensibilityGlobals) = postSolution
		SolutionGuid = {F63DA982-0A81-4DB2-ADC3-1C5B90ABB893}
	EndGlobalSection
EndGlobal
